// !$*UTF8*$!
{
	archiveVersion = 1;
	classes = {
	};
	objectVersion = 55;
	objects = {

/* Begin PBXBuildFile section */
		0C8D3C7827EBC84200F31A66 /* SwitchViewController.swift in Sources */ = {isa = PBXBuildFile; fileRef = 0C8D3C7727EBC84200F31A66 /* SwitchViewController.swift */; };
		0C8D3C7A27EBC85400F31A66 /* SliderViewController.swift in Sources */ = {isa = PBXBuildFile; fileRef = 0C8D3C7927EBC85400F31A66 /* SliderViewController.swift */; };
		0C8D3C7C27EBC86800F31A66 /* TextFieldViewController.swift in Sources */ = {isa = PBXBuildFile; fileRef = 0C8D3C7B27EBC86800F31A66 /* TextFieldViewController.swift */; };
		0C8D3C7E27EBC9F700F31A66 /* SegmentedPickerViewController.swift in Sources */ = {isa = PBXBuildFile; fileRef = 0C8D3C7D27EBC9F700F31A66 /* SegmentedPickerViewController.swift */; };
		0CA71BE827E93A9100078B7C /* AppDelegate.swift in Sources */ = {isa = PBXBuildFile; fileRef = 0CA71BE727E93A9100078B7C /* AppDelegate.swift */; };
		0CA71BEA27E93A9100078B7C /* SceneDelegate.swift in Sources */ = {isa = PBXBuildFile; fileRef = 0CA71BE927E93A9100078B7C /* SceneDelegate.swift */; };
		0CA71BEC27E93A9100078B7C /* ViewController.swift in Sources */ = {isa = PBXBuildFile; fileRef = 0CA71BEB27E93A9100078B7C /* ViewController.swift */; };
		0CA71BEF27E93A9100078B7C /* Main.storyboard in Resources */ = {isa = PBXBuildFile; fileRef = 0CA71BED27E93A9100078B7C /* Main.storyboard */; };
		0CA71BF127E93A9400078B7C /* Assets.xcassets in Resources */ = {isa = PBXBuildFile; fileRef = 0CA71BF027E93A9400078B7C /* Assets.xcassets */; };
		0CA71BF427E93A9400078B7C /* LaunchScreen.storyboard in Resources */ = {isa = PBXBuildFile; fileRef = 0CA71BF227E93A9400078B7C /* LaunchScreen.storyboard */; };
		0CA71BFE27E940B900078B7C /* SecondViewController.swift in Sources */ = {isa = PBXBuildFile; fileRef = 0CA71BFD27E940B900078B7C /* SecondViewController.swift */; };
/* End PBXBuildFile section */

/* Begin PBXFileReference section */
		0C8D3C7727EBC84200F31A66 /* SwitchViewController.swift */ = {isa = PBXFileReference; lastKnownFileType = sourcecode.swift; path = SwitchViewController.swift; sourceTree = "<group>"; };
		0C8D3C7927EBC85400F31A66 /* SliderViewController.swift */ = {isa = PBXFileReference; lastKnownFileType = sourcecode.swift; path = SliderViewController.swift; sourceTree = "<group>"; };
		0C8D3C7B27EBC86800F31A66 /* TextFieldViewController.swift */ = {isa = PBXFileReference; lastKnownFileType = sourcecode.swift; path = TextFieldViewController.swift; sourceTree = "<group>"; };
		0C8D3C7D27EBC9F700F31A66 /* SegmentedPickerViewController.swift */ = {isa = PBXFileReference; lastKnownFileType = sourcecode.swift; path = SegmentedPickerViewController.swift; sourceTree = "<group>"; };
		0CA71BE427E93A9100078B7C /* Lab_3.app */ = {isa = PBXFileReference; explicitFileType = wrapper.application; includeInIndex = 0; path = Lab_3.app; sourceTree = BUILT_PRODUCTS_DIR; };
		0CA71BE727E93A9100078B7C /* AppDelegate.swift */ = {isa = PBXFileReference; lastKnownFileType = sourcecode.swift; path = AppDelegate.swift; sourceTree = "<group>"; };
		0CA71BE927E93A9100078B7C /* SceneDelegate.swift */ = {isa = PBXFileReference; lastKnownFileType = sourcecode.swift; path = SceneDelegate.swift; sourceTree = "<group>"; };
		0CA71BEB27E93A9100078B7C /* ViewController.swift */ = {isa = PBXFileReference; lastKnownFileType = sourcecode.swift; path = ViewController.swift; sourceTree = "<group>"; };
		0CA71BEE27E93A9100078B7C /* Base */ = {isa = PBXFileReference; lastKnownFileType = file.storyboard; name = Base; path = Base.lproj/Main.storyboard; sourceTree = "<group>"; };
		0CA71BF027E93A9400078B7C /* Assets.xcassets */ = {isa = PBXFileReference; lastKnownFileType = folder.assetcatalog; path = Assets.xcassets; sourceTree = "<group>"; };
		0CA71BF327E93A9400078B7C /* Base */ = {isa = PBXFileReference; lastKnownFileType = file.storyboard; name = Base; path = Base.lproj/LaunchScreen.storyboard; sourceTree = "<group>"; };
		0CA71BF527E93A9400078B7C /* Info.plist */ = {isa = PBXFileReference; lastKnownFileType = text.plist.xml; path = Info.plist; sourceTree = "<group>"; };
		0CA71BFD27E940B900078B7C /* SecondViewController.swift */ = {isa = PBXFileReference; lastKnownFileType = sourcecode.swift; path = SecondViewController.swift; sourceTree = "<group>"; };
/* End PBXFileReference section */

/* Begin PBXFrameworksBuildPhase section */
		0CA71BE127E93A9100078B7C /* Frameworks */ = {
			isa = PBXFrameworksBuildPhase;
			buildActionMask = 2147483647;
			files = (
			);
			runOnlyForDeploymentPostprocessing = 0;
		};
/* End PBXFrameworksBuildPhase section */

/* Begin PBXGroup section */
		0CA71BDB27E93A9100078B7C = {
			isa = PBXGroup;
			children = (
				0CA71BE627E93A9100078B7C /* Lab_3 */,
				0CA71BE527E93A9100078B7C /* Products */,
			);
			sourceTree = "<group>";
		};
		0CA71BE527E93A9100078B7C /* Products */ = {
			isa = PBXGroup;
			children = (
				0CA71BE427E93A9100078B7C /* Lab_3.app */,
			);
			name = Products;
			sourceTree = "<group>";
		};
		0CA71BE627E93A9100078B7C /* Lab_3 */ = {
			isa = PBXGroup;
			children = (
				0CA71BE727E93A9100078B7C /* AppDelegate.swift */,
				0CA71BE927E93A9100078B7C /* SceneDelegate.swift */,
				0CA71BEB27E93A9100078B7C /* ViewController.swift */,
				0CA71BED27E93A9100078B7C /* Main.storyboard */,
				0C8D3C7727EBC84200F31A66 /* SwitchViewController.swift */,
				0C8D3C7927EBC85400F31A66 /* SliderViewController.swift */,
				0CA71BFD27E940B900078B7C /* SecondViewController.swift */,
				0C8D3C7D27EBC9F700F31A66 /* SegmentedPickerViewController.swift */,
				0C8D3C7B27EBC86800F31A66 /* TextFieldViewController.swift */,
				0CA71BF027E93A9400078B7C /* Assets.xcassets */,
				0CA71BF227E93A9400078B7C /* LaunchScreen.storyboard */,
				0CA71BF527E93A9400078B7C /* Info.plist */,
			);
			path = Lab_3;
			sourceTree = "<group>";
		};
/* End PBXGroup section */

/* Begin PBXNativeTarget section */
		0CA71BE327E93A9100078B7C /* Lab_3 */ = {
			isa = PBXNativeTarget;
			buildConfigurationList = 0CA71BF827E93A9400078B7C /* Build configuration list for PBXNativeTarget "Lab_3" */;
			buildPhases = (
				0CA71BE027E93A9100078B7C /* Sources */,
				0CA71BE127E93A9100078B7C /* Frameworks */,
				0CA71BE227E93A9100078B7C /* Resources */,
			);
			buildRules = (
			);
			dependencies = (
			);
			name = Lab_3;
			productName = Lab_3;
			productReference = 0CA71BE427E93A9100078B7C /* Lab_3.app */;
			productType = "com.apple.product-type.application";
		};
/* End PBXNativeTarget section */

/* Begin PBXProject section */
		0CA71BDC27E93A9100078B7C /* Project object */ = {
			isa = PBXProject;
			attributes = {
				BuildIndependentTargetsInParallel = 1;
				LastSwiftUpdateCheck = 1320;
				LastUpgradeCheck = 1320;
				TargetAttributes = {
					0CA71BE327E93A9100078B7C = {
						CreatedOnToolsVersion = 13.2.1;
					};
				};
			};
			buildConfigurationList = 0CA71BDF27E93A9100078B7C /* Build configuration list for PBXProject "Lab_3" */;
			compatibilityVersion = "Xcode 13.0";
			developmentRegion = en;
			hasScannedForEncodings = 0;
			knownRegions = (
				en,
				Base,
			);
			mainGroup = 0CA71BDB27E93A9100078B7C;
			productRefGroup = 0CA71BE527E93A9100078B7C /* Products */;
			projectDirPath = "";
			projectRoot = "";
			targets = (
				0CA71BE327E93A9100078B7C /* Lab_3 */,
			);
		};
/* End PBXProject section */

/* Begin PBXResourcesBuildPhase section */
		0CA71BE227E93A9100078B7C /* Resources */ = {
			isa = PBXResourcesBuildPhase;
			buildActionMask = 2147483647;
			files = (
				0CA71BF427E93A9400078B7C /* LaunchScreen.storyboard in Resources */,
				0CA71BF127E93A9400078B7C /* Assets.xcassets in Resources */,
				0CA71BEF27E93A9100078B7C /* Main.storyboard in Resources */,
			);
			runOnlyForDeploymentPostprocessing = 0;
		};
/* End PBXResourcesBuildPhase section */

/* Begin PBXSourcesBuildPhase section */
		0CA71BE027E93A9100078B7C /* Sources */ = {
			isa = PBXSourcesBuildPhase;
			buildActionMask = 2147483647;
			files = (
				0C8D3C7C27EBC86800F31A66 /* TextFieldViewController.swift in Sources */,
				0C8D3C7827EBC84200F31A66 /* SwitchViewController.swift in Sources */,
				0C8D3C7A27EBC85400F31A66 /* SliderViewController.swift in Sources */,
				0CA71BFE27E940B900078B7C /* SecondViewController.swift in Sources */,
				0CA71BEC27E93A9100078B7C /* ViewController.swift in Sources */,
				0CA71BE827E93A9100078B7C /* AppDelegate.swift in Sources */,
				0CA71BEA27E93A9100078B7C /* SceneDelegate.swift in Sources */,
				0C8D3C7E27EBC9F700F31A66 /* SegmentedPickerViewController.swift in Sources */,
			);
			runOnlyForDeploymentPostprocessing = 0;
		};
/* End PBXSourcesBuildPhase section */

/* Begin PBXVariantGroup section */
		0CA71BED27E93A9100078B7C /* Main.storyboard */ = {
			isa = PBXVariantGroup;
			children = (
				0CA71BEE27E93A9100078B7C /* Base */,
			);
			name = Main.storyboard;
			sourceTree = "<group>";
		};
		0CA71BF227E93A9400078B7C /* LaunchScreen.storyboard */ = {
			isa = PBXVariantGroup;
			children = (
				0CA71BF327E93A9400078B7C /* Base */,
			);
			name = LaunchScreen.storyboard;
			sourceTree = "<group>";
		};
/* End PBXVariantGroup section */

/* Begin XCBuildConfiguration section */
		0CA71BF627E93A9400078B7C /* Debug */ = {
			isa = XCBuildConfiguration;
			buildSettings = {
				ALWAYS_SEARCH_USER_PATHS = NO;
				CLANG_ANALYZER_NONNULL = YES;
				CLANG_ANALYZER_NUMBER_OBJECT_CONVERSION = YES_AGGRESSIVE;
				CLANG_CXX_LANGUAGE_STANDARD = "gnu++17";
				CLANG_CXX_LIBRARY = "libc++";
				CLANG_ENABLE_MODULES = YES;
				CLANG_ENABLE_OBJC_ARC = YES;
				CLANG_ENABLE_OBJC_WEAK = YES;
				CLANG_WARN_BLOCK_CAPTURE_AUTORELEASING = YES;
				CLANG_WARN_BOOL_CONVERSION = YES;
				CLANG_WARN_COMMA = YES;
				CLANG_WARN_CONSTANT_CONVERSION = YES;
				CLANG_WARN_DEPRECATED_OBJC_IMPLEMENTATIONS = YES;
				CLANG_WARN_DIRECT_OBJC_ISA_USAGE = YES_ERROR;
				CLANG_WARN_DOCUMENTATION_COMMENTS = YES;
				CLANG_WARN_EMPTY_BODY = YES;
				CLANG_WARN_ENUM_CONVERSION = YES;
				CLANG_WARN_INFINITE_RECURSION = YES;
				CLANG_WARN_INT_CONVERSION = YES;
				CLANG_WARN_NON_LITERAL_NULL_CONVERSION = YES;
				CLANG_WARN_OBJC_IMPLICIT_RETAIN_SELF = YES;
				CLANG_WARN_OBJC_LITERAL_CONVERSION = YES;
				CLANG_WARN_OBJC_ROOT_CLASS = YES_ERROR;
				CLANG_WARN_QUOTED_INCLUDE_IN_FRAMEWORK_HEADER = YES;
				CLANG_WARN_RANGE_LOOP_ANALYSIS = YES;
				CLANG_WARN_STRICT_PROTOTYPES = YES;
				CLANG_WARN_SUSPICIOUS_MOVE = YES;
				CLANG_WARN_UNGUARDED_AVAILABILITY = YES_AGGRESSIVE;
				CLANG_WARN_UNREACHABLE_CODE = YES;
				CLANG_WARN__DUPLICATE_METHOD_MATCH = YES;
				COPY_PHASE_STRIP = NO;
				DEBUG_INFORMATION_FORMAT = dwarf;
				ENABLE_STRICT_OBJC_MSGSEND = YES;
				ENABLE_TESTABILITY = YES;
				GCC_C_LANGUAGE_STANDARD = gnu11;
				GCC_DYNAMIC_NO_PIC = NO;
				GCC_NO_COMMON_BLOCKS = YES;
				GCC_OPTIMIZATION_LEVEL = 0;
				GCC_PREPROCESSOR_DEFINITIONS = (
					"DEBUG=1",
					"$(inherited)",
				);
				GCC_WARN_64_TO_32_BIT_CONVERSION = YES;
				GCC_WARN_ABOUT_RETURN_TYPE = YES_ERROR;
				GCC_WARN_UNDECLARED_SELECTOR = YES;
				GCC_WARN_UNINITIALIZED_AUTOS = YES_AGGRESSIVE;
				GCC_WARN_UNUSED_FUNCTION = YES;
				GCC_WARN_UNUSED_VARIABLE = YES;
				IPHONEOS_DEPLOYMENT_TARGET = 15.2;
				MTL_ENABLE_DEBUG_INFO = INCLUDE_SOURCE;
				MTL_FAST_MATH = YES;
				ONLY_ACTIVE_ARCH = YES;
				SDKROOT = iphoneos;
				SWIFT_ACTIVE_COMPILATION_CONDITIONS = DEBUG;
				SWIFT_OPTIMIZATION_LEVEL = "-Onone";
			};
			name = Debug;
		};
		0CA71BF727E93A9400078B7C /* Release */ = {
			isa = XCBuildConfiguration;
			buildSettings = {
				ALWAYS_SEARCH_USER_PATHS = NO;
				CLANG_ANALYZER_NONNULL = YES;
				CLANG_ANALYZER_NUMBER_OBJECT_CONVERSION = YES_AGGRESSIVE;
				CLANG_CXX_LANGUAGE_STANDARD = "gnu++17";
				CLANG_CXX_LIBRARY = "libc++";
				CLANG_ENABLE_MODULES = YES;
				CLANG_ENABLE_OBJC_ARC = YES;
				CLANG_ENABLE_OBJC_WEAK = YES;
				CLANG_WARN_BLOCK_CAPTURE_AUTORELEASING = YES;
				CLANG_WARN_BOOL_CONVERSION = YES;
				CLANG_WARN_COMMA = YES;
				CLANG_WARN_CONSTANT_CONVERSION = YES;
				CLANG_WARN_DEPRECATED_OBJC_IMPLEMENTATIONS = YES;
				CLANG_WARN_DIRECT_OBJC_ISA_USAGE = YES_ERROR;
				CLANG_WARN_DOCUMENTATION_COMMENTS = YES;
				CLANG_WARN_EMPTY_BODY = YES;
				CLANG_WARN_ENUM_CONVERSION = YES;
				CLANG_WARN_INFINITE_RECURSION = YES;
				CLANG_WARN_INT_CONVERSION = YES;
				CLANG_WARN_NON_LITERAL_NULL_CONVERSION = YES;
				CLANG_WARN_OBJC_IMPLICIT_RETAIN_SELF = YES;
				CLANG_WARN_OBJC_LITERAL_CONVERSION = YES;
				CLANG_WARN_OBJC_ROOT_CLASS = YES_ERROR;
				CLANG_WARN_QUOTED_INCLUDE_IN_FRAMEWORK_HEADER = YES;
				CLANG_WARN_RANGE_LOOP_ANALYSIS = YES;
				CLANG_WARN_STRICT_PROTOTYPES = YES;
				CLANG_WARN_SUSPICIOUS_MOVE = YES;
				CLANG_WARN_UNGUARDED_AVAILABILITY = YES_AGGRESSIVE;
				CLANG_WARN_UNREACHABLE_CODE = YES;
				CLANG_WARN__DUPLICATE_METHOD_MATCH = YES;
				COPY_PHASE_STRIP = NO;
				DEBUG_INFORMATION_FORMAT = "dwarf-with-dsym";
				ENABLE_NS_ASSERTIONS = NO;
				ENABLE_STRICT_OBJC_MSGSEND = YES;
				GCC_C_LANGUAGE_STANDARD = gnu11;
				GCC_NO_COMMON_BLOCKS = YES;
				GCC_WARN_64_TO_32_BIT_CONVERSION = YES;
				GCC_WARN_ABOUT_RETURN_TYPE = YES_ERROR;
				GCC_WARN_UNDECLARED_SELECTOR = YES;
				GCC_WARN_UNINITIALIZED_AUTOS = YES_AGGRESSIVE;
				GCC_WARN_UNUSED_FUNCTION = YES;
				GCC_WARN_UNUSED_VARIABLE = YES;
				IPHONEOS_DEPLOYMENT_TARGET = 15.2;
				MTL_ENABLE_DEBUG_INFO = NO;
				MTL_FAST_MATH = YES;
				SDKROOT = iphoneos;
				SWIFT_COMPILATION_MODE = wholemodule;
				SWIFT_OPTIMIZATION_LEVEL = "-O";
				VALIDATE_PRODUCT = YES;
			};
			name = Release;
		};
		0CA71BF927E93A9400078B7C /* Debug */ = {
			isa = XCBuildConfiguration;
			buildSettings = {
				ASSETCATALOG_COMPILER_APPICON_NAME = AppIcon;
				ASSETCATALOG_COMPILER_GLOBAL_ACCENT_COLOR_NAME = AccentColor;
				CODE_SIGN_STYLE = Automatic;
				CURRENT_PROJECT_VERSION = 1;
				GENERATE_INFOPLIST_FILE = YES;
				INFOPLIST_FILE = Lab_3/Info.plist;
				INFOPLIST_KEY_UIApplicationSupportsIndirectInputEvents = YES;
				INFOPLIST_KEY_UILaunchStoryboardName = LaunchScreen;
				INFOPLIST_KEY_UIMainStoryboardFile = Main;
				INFOPLIST_KEY_UISupportedInterfaceOrientations_iPad = "UIInterfaceOrientationPortrait UIInterfaceOrientationPortraitUpsideDown UIInterfaceOrientationLandscapeLeft UIInterfaceOrientationLandscapeRight";
				INFOPLIST_KEY_UISupportedInterfaceOrientations_iPhone = "UIInterfaceOrientationPortrait UIInterfaceOrientationLandscapeLeft UIInterfaceOrientationLandscapeRight";
				LD_RUNPATH_SEARCH_PATHS = (
					"$(inherited)",
					"@executable_path/Frameworks",
				);
				MARKETING_VERSION = 1.0;
				PRODUCT_BUNDLE_IDENTIFIER = "macobserver.com.Lab-3";
				PRODUCT_NAME = "$(TARGET_NAME)";
				SWIFT_EMIT_LOC_STRINGS = YES;
				SWIFT_VERSION = 5.0;
				TARGETED_DEVICE_FAMILY = "1,2";
			};
			name = Debug;
		};
		0CA71BFA27E93A9400078B7C /* Release */ = {
			isa = XCBuildConfiguration;
			buildSettings = {
				ASSETCATALOG_COMPILER_APPICON_NAME = AppIcon;
				ASSETCATALOG_COMPILER_GLOBAL_ACCENT_COLOR_NAME = AccentColor;
				CODE_SIGN_STYLE = Automatic;
				CURRENT_PROJECT_VERSION = 1;
				GENERATE_INFOPLIST_FILE = YES;
				INFOPLIST_FILE = Lab_3/Info.plist;
				INFOPLIST_KEY_UIApplicationSupportsIndirectInputEvents = YES;
				INFOPLIST_KEY_UILaunchStoryboardName = LaunchScreen;
				INFOPLIST_KEY_UIMainStoryboardFile = Main;
				INFOPLIST_KEY_UISupportedInterfaceOrientations_iPad = "UIInterfaceOrientationPortrait UIInterfaceOrientationPortraitUpsideDown UIInterfaceOrientationLandscapeLeft UIInterfaceOrientationLandscapeRight";
				INFOPLIST_KEY_UISupportedInterfaceOrientations_iPhone = "UIInterfaceOrientationPortrait UIInterfaceOrientationLandscapeLeft UIInterfaceOrientationLandscapeRight";
				LD_RUNPATH_SEARCH_PATHS = (
					"$(inherited)",
					"@executable_path/Frameworks",
				);
				MARKETING_VERSION = 1.0;
				PRODUCT_BUNDLE_IDENTIFIER = "macobserver.com.Lab-3";
				PRODUCT_NAME = "$(TARGET_NAME)";
				SWIFT_EMIT_LOC_STRINGS = YES;
				SWIFT_VERSION = 5.0;
				TARGETED_DEVICE_FAMILY = "1,2";
			};
			name = Release;
		};
/* End XCBuildConfiguration section */

/* Begin XCConfigurationList section */
		0CA71BDF27E93A9100078B7C /* Build configuration list for PBXProject "Lab_3" */ = {
			isa = XCConfigurationList;
			buildConfigurations = (
				0CA71BF627E93A9400078B7C /* Debug */,
				0CA71BF727E93A9400078B7C /* Release */,
			);
			defaultConfigurationIsVisible = 0;
			defaultConfigurationName = Release;
		};
		0CA71BF827E93A9400078B7C /* Build configuration list for PBXNativeTarget "Lab_3" */ = {
			isa = XCConfigurationList;
			buildConfigurations = (
				0CA71BF927E93A9400078B7C /* Debug */,
				0CA71BFA27E93A9400078B7C /* Release */,
			);
			defaultConfigurationIsVisible = 0;
			defaultConfigurationName = Release;
		};
/* End XCConfigurationList section */
	};
	rootObject = 0CA71BDC27E93A9100078B7C /* Project object */;
}
